
Microsoft Visual Studio Solution File, Format Version 12.00
# Visual Studio 2013
VisualStudioVersion = 12.0.30723.0
MinimumVisualStudioVersion = 10.0.40219.1
Project("{FAE04EC0-301F-11D3-BF4B-00C04F79EFBC}") = "TestTask_Vladimir", "TestTask_Vladimir\TestTask_Vladimir.csproj", "{D47DF0ED-08C0-4A2A-A178-0B33A609CD42}"
EndProject
Global
	GlobalSection(SolutionConfigurationPlatforms) = preSolution
		Debug|Any CPU = Debug|Any CPU
		Release|Any CPU = Release|Any CPU
	EndGlobalSection
	GlobalSection(ProjectConfigurationPlatforms) = postSolution
		{D47DF0ED-08C0-4A2A-A178-0B33A609CD42}.Debug|Any CPU.ActiveCfg = Debug|Any CPU
		{D47DF0ED-08C0-4A2A-A178-0B33A609CD42}.Debug|Any CPU.Build.0 = Debug|Any CPU
		{D47DF0ED-08C0-4A2A-A178-0B33A609CD42}.Release|Any CPU.ActiveCfg = Release|Any CPU
		{D47DF0ED-08C0-4A2A-A178-0B33A609CD42}.Release|Any CPU.Build.0 = Release|Any CPU
	EndGlobalSection
	GlobalSection(SolutionProperties) = preSolution
		HideSolutionNode = FALSE
	EndGlobalSection
EndGlobal
